
Microsoft Visual Studio Solution File, Format Version 12.00
# Visual Studio 14
VisualStudioVersion = 14.0.25420.1
MinimumVisualStudioVersion = 10.0.40219.1
Project("{2150E333-8FDC-42A3-9474-1A3956D46DE8}") = "src", "src", "{1BECA391-72CA-4430-B21D-6CD1698E3410}"
EndProject
Project("{2150E333-8FDC-42A3-9474-1A3956D46DE8}") = "Solution Items", "Solution Items", "{1C100835-88E5-45F2-95D4-CDA7CB728788}"
	ProjectSection(SolutionItems) = preProject
		.gitignore = .gitignore
		global.json = global.json
	EndProjectSection
EndProject
Project("{FAE04EC0-301F-11D3-BF4B-00C04F79EFBC}") = "Com.Marekturis.Common", "Com.Marekturis.Common\Com.Marekturis.Common.csproj", "{53177543-D36B-4127-946E-494C8E6BA919}"
EndProject
Project("{FAE04EC0-301F-11D3-BF4B-00C04F79EFBC}") = "Com.Marekturis.Product2", "Com.Marekturis.Product2\Com.Marekturis.Product2.csproj", "{BB664FFF-0475-46B0-AF35-4BAE32540E58}"
EndProject
Project("{FAE04EC0-301F-11D3-BF4B-00C04F79EFBC}") = "FrontEnd", "FrontEnd\FrontEnd.csproj", "{07575B74-6B9E-4D33-91D8-A8DB02E7DB0B}"
EndProject
Project("{FAE04EC0-301F-11D3-BF4B-00C04F79EFBC}") = "Com.Marekturis.Order", "Com.Marekturis.Order\Com.Marekturis.Order.csproj", "{73314181-7D4B-4F87-AC3C-6041BA78C7C9}"
EndProject
Global
	GlobalSection(SolutionConfigurationPlatforms) = preSolution
		Debug|Any CPU = Debug|Any CPU
		Release|Any CPU = Release|Any CPU
	EndGlobalSection
	GlobalSection(ProjectConfigurationPlatforms) = postSolution
		{53177543-D36B-4127-946E-494C8E6BA919}.Debug|Any CPU.ActiveCfg = Debug|Any CPU
		{53177543-D36B-4127-946E-494C8E6BA919}.Debug|Any CPU.Build.0 = Debug|Any CPU
		{53177543-D36B-4127-946E-494C8E6BA919}.Release|Any CPU.ActiveCfg = Release|Any CPU
		{53177543-D36B-4127-946E-494C8E6BA919}.Release|Any CPU.Build.0 = Release|Any CPU
		{BB664FFF-0475-46B0-AF35-4BAE32540E58}.Debug|Any CPU.ActiveCfg = Debug|Any CPU
		{BB664FFF-0475-46B0-AF35-4BAE32540E58}.Debug|Any CPU.Build.0 = Debug|Any CPU
		{BB664FFF-0475-46B0-AF35-4BAE32540E58}.Release|Any CPU.ActiveCfg = Release|Any CPU
		{BB664FFF-0475-46B0-AF35-4BAE32540E58}.Release|Any CPU.Build.0 = Release|Any CPU
		{07575B74-6B9E-4D33-91D8-A8DB02E7DB0B}.Debug|Any CPU.ActiveCfg = Debug|Any CPU
		{07575B74-6B9E-4D33-91D8-A8DB02E7DB0B}.Debug|Any CPU.Build.0 = Debug|Any CPU
		{07575B74-6B9E-4D33-91D8-A8DB02E7DB0B}.Release|Any CPU.ActiveCfg = Release|Any CPU
		{07575B74-6B9E-4D33-91D8-A8DB02E7DB0B}.Release|Any CPU.Build.0 = Release|Any CPU
		{73314181-7D4B-4F87-AC3C-6041BA78C7C9}.Debug|Any CPU.ActiveCfg = Debug|Any CPU
		{73314181-7D4B-4F87-AC3C-6041BA78C7C9}.Debug|Any CPU.Build.0 = Debug|Any CPU
		{73314181-7D4B-4F87-AC3C-6041BA78C7C9}.Release|Any CPU.ActiveCfg = Release|Any CPU
		{73314181-7D4B-4F87-AC3C-6041BA78C7C9}.Release|Any CPU.Build.0 = Release|Any CPU
	EndGlobalSection
	GlobalSection(SolutionProperties) = preSolution
		HideSolutionNode = FALSE
	EndGlobalSection
	GlobalSection(NestedProjects) = preSolution
		{53177543-D36B-4127-946E-494C8E6BA919} = {1BECA391-72CA-4430-B21D-6CD1698E3410}
		{BB664FFF-0475-46B0-AF35-4BAE32540E58} = {1BECA391-72CA-4430-B21D-6CD1698E3410}
		{07575B74-6B9E-4D33-91D8-A8DB02E7DB0B} = {1BECA391-72CA-4430-B21D-6CD1698E3410}
		{73314181-7D4B-4F87-AC3C-6041BA78C7C9} = {1BECA391-72CA-4430-B21D-6CD1698E3410}
	EndGlobalSection
EndGlobal
